
Microsoft Visual Studio Solution File, Format Version 12.00
# Visual Studio Version 17
VisualStudioVersion = 17.0.31903.59
MinimumVisualStudioVersion = 10.0.40219.1
Project("{9A19103F-16F7-4668-BE54-9A1E7A4F7556}") = "TrafficLightControl", "WebApplication12\TrafficLightControl.csproj", "{E327D980-B33B-46A6-93A5-7FC5F4588B3A}"
EndProject
Global
	GlobalSection(SolutionConfigurationPlatforms) = preSolution
		Debug|Any CPU = Debug|Any CPU
		Release|Any CPU = Release|Any CPU
	EndGlobalSection
	GlobalSection(ProjectConfigurationPlatforms) = postSolution
		{E327D980-B33B-46A6-93A5-7FC5F4588B3A}.Debug|Any CPU.ActiveCfg = Debug|Any CPU
		{E327D980-B33B-46A6-93A5-7FC5F4588B3A}.Debug|Any CPU.Build.0 = Debug|Any CPU
		{E327D980-B33B-46A6-93A5-7FC5F4588B3A}.Release|Any CPU.ActiveCfg = Release|Any CPU
		{E327D980-B33B-46A6-93A5-7FC5F4588B3A}.Release|Any CPU.Build.0 = Release|Any CPU
	EndGlobalSection
	GlobalSection(SolutionProperties) = preSolution
		HideSolutionNode = FALSE
	EndGlobalSection
	GlobalSection(ExtensibilityGlobals) = postSolution
		SolutionGuid = {B851E6CC-1618-438F-B474-22BC8302BBD5}
	EndGlobalSection
EndGlobal
